{
    "_meta": {
        "hash": {
            "sha256": "680bc63e41f34826b171503f02160b9af662a81b4db560da0e544ac3e15c6789"
        },
        "pipfile-spec": 6,
        "requires": {
            "python_version": "3.11"
        },
        "sources": [
            {
                "name": "pypi",
                "url": "https://pypi.org/simple",
                "verify_ssl": true
            }
        ]
    },
    "default": {
        "schedule": {
            "hashes": [
                "sha256:415908febaba0bc9a7c727a32efb407d646fe994367ef9157d123aabbe539ea8",
                "sha256:b4ad697aafba7184c9eb6a1e2ebc41f781547242acde8ceae9a0a25b04c0922d"
            ],
            "index": "pypi",
            "version": "==1.2.0"
        }
    },
    "develop": {}
}
